
Microsoft Visual Studio Solution File, Format Version 12.00
# Visual Studio 14
VisualStudioVersion = 14.0.23107.0
MinimumVisualStudioVersion = 10.0.40219.1
Project("{FAE04EC0-301F-11D3-BF4B-00C04F79EFBC}") = "BookShop.DAL", "BookShop.DAL\BookShop.DAL.csproj", "{B45126DD-B6F5-4D8E-8CAA-AF4A5B3D153D}"
EndProject
Project("{FAE04EC0-301F-11D3-BF4B-00C04F79EFBC}") = "BookShop.Service", "BookShop.Service\BookShop.Service.csproj", "{D6B09624-E094-460F-BECC-956CC58BCEF1}"
EndProject
Project("{FAE04EC0-301F-11D3-BF4B-00C04F79EFBC}") = "BookShop.Contracts", "BookShop.Contracts\BookShop.Contracts.csproj", "{3F2DE3B5-122A-4E13-8958-6B8342360FDE}"
EndProject
Project("{FAE04EC0-301F-11D3-BF4B-00C04F79EFBC}") = "BookShop.Proxies", "BookShop.Proxies\BookShop.Proxies.csproj", "{0AE04F57-1D2C-4666-AA1F-D672594DE169}"
EndProject
Project("{FAE04EC0-301F-11D3-BF4B-00C04F79EFBC}") = "BookShop.Client", "BookShop.Client\BookShop.Client.csproj", "{2AED2B76-33B3-4ACD-A37E-8E3E01FE0652}"
EndProject
Global
	GlobalSection(SolutionConfigurationPlatforms) = preSolution
		Debug|Any CPU = Debug|Any CPU
		Release|Any CPU = Release|Any CPU
	EndGlobalSection
	GlobalSection(ProjectConfigurationPlatforms) = postSolution
		{B45126DD-B6F5-4D8E-8CAA-AF4A5B3D153D}.Debug|Any CPU.ActiveCfg = Debug|Any CPU
		{B45126DD-B6F5-4D8E-8CAA-AF4A5B3D153D}.Debug|Any CPU.Build.0 = Debug|Any CPU
		{B45126DD-B6F5-4D8E-8CAA-AF4A5B3D153D}.Release|Any CPU.ActiveCfg = Release|Any CPU
		{B45126DD-B6F5-4D8E-8CAA-AF4A5B3D153D}.Release|Any CPU.Build.0 = Release|Any CPU
		{D6B09624-E094-460F-BECC-956CC58BCEF1}.Debug|Any CPU.ActiveCfg = Debug|Any CPU
		{D6B09624-E094-460F-BECC-956CC58BCEF1}.Debug|Any CPU.Build.0 = Debug|Any CPU
		{D6B09624-E094-460F-BECC-956CC58BCEF1}.Release|Any CPU.ActiveCfg = Release|Any CPU
		{D6B09624-E094-460F-BECC-956CC58BCEF1}.Release|Any CPU.Build.0 = Release|Any CPU
		{3F2DE3B5-122A-4E13-8958-6B8342360FDE}.Debug|Any CPU.ActiveCfg = Debug|Any CPU
		{3F2DE3B5-122A-4E13-8958-6B8342360FDE}.Debug|Any CPU.Build.0 = Debug|Any CPU
		{3F2DE3B5-122A-4E13-8958-6B8342360FDE}.Release|Any CPU.ActiveCfg = Release|Any CPU
		{3F2DE3B5-122A-4E13-8958-6B8342360FDE}.Release|Any CPU.Build.0 = Release|Any CPU
		{0AE04F57-1D2C-4666-AA1F-D672594DE169}.Debug|Any CPU.ActiveCfg = Debug|Any CPU
		{0AE04F57-1D2C-4666-AA1F-D672594DE169}.Debug|Any CPU.Build.0 = Debug|Any CPU
		{0AE04F57-1D2C-4666-AA1F-D672594DE169}.Release|Any CPU.ActiveCfg = Release|Any CPU
		{0AE04F57-1D2C-4666-AA1F-D672594DE169}.Release|Any CPU.Build.0 = Release|Any CPU
		{2AED2B76-33B3-4ACD-A37E-8E3E01FE0652}.Debug|Any CPU.ActiveCfg = Debug|Any CPU
		{2AED2B76-33B3-4ACD-A37E-8E3E01FE0652}.Debug|Any CPU.Build.0 = Debug|Any CPU
		{2AED2B76-33B3-4ACD-A37E-8E3E01FE0652}.Release|Any CPU.ActiveCfg = Release|Any CPU
		{2AED2B76-33B3-4ACD-A37E-8E3E01FE0652}.Release|Any CPU.Build.0 = Release|Any CPU
	EndGlobalSection
	GlobalSection(SolutionProperties) = preSolution
		HideSolutionNode = FALSE
	EndGlobalSection
EndGlobal
